lockfileVersion: '9.0'

settings:
  autoInstallPeers: true
  excludeLinksFromLockfile: false

importers:

  .:
    dependencies:
      '@atcute/client':
        specifier: ^4.1.0
        version: 4.1.1
      '@atcute/tid':
        specifier: ^1.0.3
        version: 1.0.3
      '@atproto/api':
        specifier: ^0.18.8
        version: 0.18.8
      '@atproto/jwk-jose':
        specifier: ^0.1.11
        version: 0.1.11
      '@atproto/oauth-client-node':
        specifier: ^0.3.13
        version: 0.3.13
      '@prisma/client':
        specifier: ^6.19.0
        version: 6.19.1(prisma@6.19.1)
      '@skyware/jetstream':
        specifier: ^0.2.5
        version: 0.2.5
      dotenv:
        specifier: ^17.2.3
        version: 17.2.3
      openai:
        specifier: ^6.10.0
        version: 6.15.0(ws@8.18.3)(zod@3.25.76)
      p-limit:
        specifier: ^7.2.0
        version: 7.2.0
      p-queue:
        specifier: ^9.0.1
        version: 9.0.1
      pino:
        specifier: ^10.1.0
        version: 10.1.0
      pino-pretty:
        specifier: ^13.1.3
        version: 13.1.3
      tsx:
        specifier: ^4.21.0
        version: 4.21.0
      ws:
        specifier: ^8.18.3
        version: 8.18.3
    devDependencies:
      '@types/node':
        specifier: ^24.10.1
        version: 24.10.4
      '@types/ws':
        specifier: ^8.18.1
        version: 8.18.1
      prisma:
        specifier: ^6.19.0
        version: 6.19.1

packages:

  '@atcute/atproto@3.1.9':
    resolution: {integrity: sha512-DyWwHCTdR4hY2BPNbLXgVmm7lI+fceOwWbE4LXbGvbvVtSn+ejSVFaAv01Ra3kWDha0whsOmbJL8JP0QPpf1+w==}

  '@atcute/bluesky@3.2.14':
    resolution: {integrity: sha512-XlVuF55AYIyplmKvlGLlj+cUvk9ggxNRPczkTPIY991xJ4qDxDHpBJ39ekAV4dWcuBoRo2o9JynzpafPu2ljDA==}

  '@atcute/client@4.1.1':
    resolution: {integrity: sha512-FROCbTTCeL5u4tO/n72jDEKyKqjdlXMB56Ehve3W/gnnLGCYWvN42sS7tvL1Mgu6sbO3yZwsXKDrmM2No4XpjA==}

  '@atcute/identity@1.1.3':
    resolution: {integrity: sha512-oIqPoI8TwWeQxvcLmFEZLdN2XdWcaLVtlm8pNk0E72As9HNzzD9pwKPrLr3rmTLRIoULPPFmq9iFNsTeCIU9ng==}

  '@atcute/lexicons@1.2.5':
    resolution: {integrity: sha512-9yO9WdgxW8jZ7SbzUycH710z+JmsQ9W9n5S6i6eghYju32kkluFmgBeS47r8e8p2+Dv4DemS7o/3SUGsX9FR5Q==}

  '@atcute/tid@1.0.3':
    resolution: {integrity: sha512-wfMJx1IMdnu0CZgWl0uR4JO2s6PGT1YPhpytD4ZHzEYKKQVuqV6Eb/7vieaVo1eYNMp2FrY67FZObeR7utRl2w==}

  '@atproto-labs/did-resolver@0.2.4':
    resolution: {integrity: sha512-sbXxBnAJWsKv/FEGG6a/WLz7zQYUr1vA2TXvNnPwwJQJCjPwEJMOh1vM22wBr185Phy7D2GD88PcRokn7eUVyw==}

  '@atproto-labs/fetch-node@0.2.0':
    resolution: {integrity: sha512-Krq09nH/aeoiU2s9xdHA0FjTEFWG9B5FFenipv1iRixCcPc7V3DhTNDawxG9gI8Ny0k4dBVS9WTRN/IDzBx86Q==}
    engines: {node: '>=18.7.0'}

  '@atproto-labs/fetch@0.2.3':
    resolution: {integrity: sha512-NZtbJOCbxKUFRFKMpamT38PUQMY0hX0p7TG5AEYOPhZKZEP7dHZ1K2s1aB8MdVH0qxmqX7nQleNrrvLf09Zfdw==}

  '@atproto-labs/handle-resolver-node@0.1.23':
    resolution: {integrity: sha512-tBRr2LCgzn3klk+DL0xrTFv4zg5tEszdeW6vSIFVebBYSb3MLdfhievmSqZdIQ4c9UCC4hN7YXTlZCXj8+2YmQ==}
    engines: {node: '>=18.7.0'}

  '@atproto-labs/handle-resolver@0.3.4':
    resolution: {integrity: sha512-wsNopfzfgO3uPvfnFDgNeXgDufXxSXhjBjp2WEiSzEiLrMy0Jodnqggw4OzD9MJKf0a4Iu2/ydd537qdy91LrQ==}

  '@atproto-labs/identity-resolver@0.3.4':
    resolution: {integrity: sha512-HNUEFQIo2ws6iATxmgHd5D5rAsWYupgxZucgwolVHPiMjE1SY+EmxEsfbEN1wDEzM8/u9AKUg/jrxxPEwsgbew==}

  '@atproto-labs/pipe@0.1.1':
    resolution: {integrity: sha512-hdNw2oUs2B6BN1lp+32pF7cp8EMKuIN5Qok2Vvv/aOpG/3tNSJ9YkvfI0k6Zd188LeDDYRUpYpxcoFIcGH/FNg==}

  '@atproto-labs/simple-store-memory@0.1.4':
    resolution: {integrity: sha512-3mKY4dP8I7yKPFj9VKpYyCRzGJOi5CEpOLPlRhoJyLmgs3J4RzDrjn323Oakjz2Aj2JzRU/AIvWRAZVhpYNJHw==}

  '@atproto-labs/simple-store@0.3.0':
    resolution: {integrity: sha512-nOb6ONKBRJHRlukW1sVawUkBqReLlLx6hT35VS3imaNPwiXDxLnTK7lxw3Lrl9k5yugSBDQAkZAq3MPTEFSUBQ==}

  '@atproto/api@0.18.8':
    resolution: {integrity: sha512-Qo3sGd1N5hdHTaEWUBgptvPkULt2SXnMcWRhveSyctSd/IQwTMyaIH6E62A1SU+8xBSN5QLpoUJNE7iSrYM2Zg==}

  '@atproto/common-web@0.4.7':
    resolution: {integrity: sha512-vjw2+81KPo2/SAbbARGn64Ln+6JTI0FTI4xk8if0ebBfDxFRmHb2oSN1y77hzNq/ybGHqA2mecfhS03pxC5+lg==}

  '@atproto/did@0.2.3':
    resolution: {integrity: sha512-VI8JJkSizvM2cHYJa37WlbzeCm5tWpojyc1/Zy8q8OOjyoy6X4S4BEfoP941oJcpxpMTObamibQIXQDo7tnIjg==}

  '@atproto/jwk-jose@0.1.11':
    resolution: {integrity: sha512-i4Fnr2sTBYmMmHXl7NJh8GrCH+tDQEVWrcDMDnV5DjJfkgT17wIqvojIw9SNbSL4Uf0OtfEv6AgG0A+mgh8b5Q==}

  '@atproto/jwk-webcrypto@0.2.0':
    resolution: {integrity: sha512-UmgRrrEAkWvxwhlwe30UmDOdTEFidlIzBC7C3cCbeJMcBN1x8B3KH+crXrsTqfWQBG58mXgt8wgSK3Kxs2LhFg==}

  '@atproto/jwk@0.6.0':
    resolution: {integrity: sha512-bDoJPvt7TrQVi/rBfBrSSpGykhtIriKxeYCYQTiPRKFfyRhbgpElF0wPXADjIswnbzZdOwbY63az4E/CFVT3Tw==}

  '@atproto/lex-data@0.0.3':
    resolution: {integrity: sha512-ivo1IpY/EX+RIpxPgCf4cPhQo5bfu4nrpa1vJCt8hCm9SfoonJkDFGa0n4SMw4JnXZoUcGcrJ46L+D8bH6GI2g==}

  '@atproto/lex-json@0.0.3':
    resolution: {integrity: sha512-ZVcY7XlRfdPYvQQ2WroKUepee0+NCovrSXgXURM3Xv+n5jflJCoczguROeRr8sN0xvT0ZbzMrDNHCUYKNnxcjw==}

  '@atproto/lexicon@0.6.0':
    resolution: {integrity: sha512-5veb8aD+J5M0qszLJ+73KSFsFrJBgAY/nM1TSAJvGY7fNc9ZAT+PSUlmIyrdye9YznAZ07yktalls/TwNV7cHQ==}

  '@atproto/oauth-client-node@0.3.13':
    resolution: {integrity: sha512-k2qT5QM6Mj5I412IZOnktShmI1A5YbwLmLM4BkeEcbcOm7kU1Cr/H/zUC/zniCIj641ZudiXU80Bsyw4A6tejA==}
    engines: {node: '>=18.7.0'}

  '@atproto/oauth-client@0.5.11':
    resolution: {integrity: sha512-KyxKpnF988BI3m+4NNYDgkN6a2sPORD9uaOEGP4tnJLOvhMVHyATWwq3Jx4LOYotTFDOvLdheWcI1G9DozE88w==}

  '@atproto/oauth-types@0.5.2':
    resolution: {integrity: sha512-9DCDvtvCanTwAaU5UakYDO0hzcOITS3RutK5zfLytE5Y9unj0REmTDdN8Xd8YCfUJl7T/9pYpf04Uyq7bFTASg==}

  '@atproto/syntax@0.4.2':
    resolution: {integrity: sha512-X9XSRPinBy/0VQ677j8VXlBsYSsUXaiqxWVpGGxJYsAhugdQRb0jqaVKJFtm6RskeNkV6y9xclSUi9UYG/COrA==}

  '@atproto/xrpc@0.7.7':
    resolution: {integrity: sha512-K1ZyO/BU8JNtXX5dmPp7b5UrkLMMqpsIa/Lrj5D3Su+j1Xwq1m6QJ2XJ1AgjEjkI1v4Muzm7klianLE6XGxtmA==}

  '@badrap/valita@0.4.6':
    resolution: {integrity: sha512-4kdqcjyxo/8RQ8ayjms47HCWZIF5981oE5nIenbfThKDxWXtEHKipAOWlflpPJzZx9y/JWYQkp18Awr7VuepFg==}
    engines: {node: '>= 18'}

  '@esbuild/aix-ppc64@0.27.2':
    resolution: {integrity: sha512-GZMB+a0mOMZs4MpDbj8RJp4cw+w1WV5NYD6xzgvzUJ5Ek2jerwfO2eADyI6ExDSUED+1X8aMbegahsJi+8mgpw==}
    engines: {node: '>=18'}
    cpu: [ppc64]
    os: [aix]

  '@esbuild/android-arm64@0.27.2':
    resolution: {integrity: sha512-pvz8ZZ7ot/RBphf8fv60ljmaoydPU12VuXHImtAs0XhLLw+EXBi2BLe3OYSBslR4rryHvweW5gmkKFwTiFy6KA==}
    engines: {node: '>=18'}
    cpu: [arm64]
    os: [android]

  '@esbuild/android-arm@0.27.2':
    resolution: {integrity: sha512-DVNI8jlPa7Ujbr1yjU2PfUSRtAUZPG9I1RwW4F4xFB1Imiu2on0ADiI/c3td+KmDtVKNbi+nffGDQMfcIMkwIA==}
    engines: {node: '>=18'}
    cpu: [arm]
    os: [android]

  '@esbuild/android-x64@0.27.2':
    resolution: {integrity: sha512-z8Ank4Byh4TJJOh4wpz8g2vDy75zFL0TlZlkUkEwYXuPSgX8yzep596n6mT7905kA9uHZsf/o2OJZubl2l3M7A==}
    engines: {node: '>=18'}
    cpu: [x64]
    os: [android]

  '@esbuild/darwin-arm64@0.27.2':
    resolution: {integrity: sha512-davCD2Zc80nzDVRwXTcQP/28fiJbcOwvdolL0sOiOsbwBa72kegmVU0Wrh1MYrbuCL98Omp5dVhQFWRKR2ZAlg==}
    engines: {node: '>=18'}
    cpu: [arm64]
    os: [darwin]

  '@esbuild/darwin-x64@0.27.2':
    resolution: {integrity: sha512-ZxtijOmlQCBWGwbVmwOF/UCzuGIbUkqB1faQRf5akQmxRJ1ujusWsb3CVfk/9iZKr2L5SMU5wPBi1UWbvL+VQA==}
    engines: {node: '>=18'}
    cpu: [x64]
    os: [darwin]

  '@esbuild/freebsd-arm64@0.27.2':
    resolution: {integrity: sha512-lS/9CN+rgqQ9czogxlMcBMGd+l8Q3Nj1MFQwBZJyoEKI50XGxwuzznYdwcav6lpOGv5BqaZXqvBSiB/kJ5op+g==}
    engines: {node: '>=18'}
    cpu: [arm64]
    os: [freebsd]

  '@esbuild/freebsd-x64@0.27.2':
    resolution: {integrity: sha512-tAfqtNYb4YgPnJlEFu4c212HYjQWSO/w/h/lQaBK7RbwGIkBOuNKQI9tqWzx7Wtp7bTPaGC6MJvWI608P3wXYA==}
    engines: {node: '>=18'}
    cpu: [x64]
    os: [freebsd]

  '@esbuild/linux-arm64@0.27.2':
    resolution: {integrity: sha512-hYxN8pr66NsCCiRFkHUAsxylNOcAQaxSSkHMMjcpx0si13t1LHFphxJZUiGwojB1a/Hd5OiPIqDdXONia6bhTw==}
    engines: {node: '>=18'}
    cpu: [arm64]
    os: [linux]

  '@esbuild/linux-arm@0.27.2':
    resolution: {integrity: sha512-vWfq4GaIMP9AIe4yj1ZUW18RDhx6EPQKjwe7n8BbIecFtCQG4CfHGaHuh7fdfq+y3LIA2vGS/o9ZBGVxIDi9hw==}
    engines: {node: '>=18'}
    cpu: [arm]
    os: [linux]

  '@esbuild/linux-ia32@0.27.2':
    resolution: {integrity: sha512-MJt5BRRSScPDwG2hLelYhAAKh9imjHK5+NE/tvnRLbIqUWa+0E9N4WNMjmp/kXXPHZGqPLxggwVhz7QP8CTR8w==}
    engines: {node: '>=18'}
    cpu: [ia32]
    os: [linux]

  '@esbuild/linux-loong64@0.27.2':
    resolution: {integrity: sha512-lugyF1atnAT463aO6KPshVCJK5NgRnU4yb3FUumyVz+cGvZbontBgzeGFO1nF+dPueHD367a2ZXe1NtUkAjOtg==}
    engines: {node: '>=18'}
    cpu: [loong64]
    os: [linux]

  '@esbuild/linux-mips64el@0.27.2':
    resolution: {integrity: sha512-nlP2I6ArEBewvJ2gjrrkESEZkB5mIoaTswuqNFRv/WYd+ATtUpe9Y09RnJvgvdag7he0OWgEZWhviS1OTOKixw==}
    engines: {node: '>=18'}
    cpu: [mips64el]
    os: [linux]

  '@esbuild/linux-ppc64@0.27.2':
    resolution: {integrity: sha512-C92gnpey7tUQONqg1n6dKVbx3vphKtTHJaNG2Ok9lGwbZil6DrfyecMsp9CrmXGQJmZ7iiVXvvZH6Ml5hL6XdQ==}
    engines: {node: '>=18'}
    cpu: [ppc64]
    os: [linux]

  '@esbuild/linux-riscv64@0.27.2':
    resolution: {integrity: sha512-B5BOmojNtUyN8AXlK0QJyvjEZkWwy/FKvakkTDCziX95AowLZKR6aCDhG7LeF7uMCXEJqwa8Bejz5LTPYm8AvA==}
    engines: {node: '>=18'}
    cpu: [riscv64]
    os: [linux]

  '@esbuild/linux-s390x@0.27.2':
    resolution: {integrity: sha512-p4bm9+wsPwup5Z8f4EpfN63qNagQ47Ua2znaqGH6bqLlmJ4bx97Y9JdqxgGZ6Y8xVTixUnEkoKSHcpRlDnNr5w==}
    engines: {node: '>=18'}
    cpu: [s390x]
    os: [linux]

  '@esbuild/linux-x64@0.27.2':
    resolution: {integrity: sha512-uwp2Tip5aPmH+NRUwTcfLb+W32WXjpFejTIOWZFw/v7/KnpCDKG66u4DLcurQpiYTiYwQ9B7KOeMJvLCu/OvbA==}
    engines: {node: '>=18'}
    cpu: [x64]
    os: [linux]

  '@esbuild/netbsd-arm64@0.27.2':
    resolution: {integrity: sha512-Kj6DiBlwXrPsCRDeRvGAUb/LNrBASrfqAIok+xB0LxK8CHqxZ037viF13ugfsIpePH93mX7xfJp97cyDuTZ3cw==}
    engines: {node: '>=18'}
    cpu: [arm64]
    os: [netbsd]

  '@esbuild/netbsd-x64@0.27.2':
    resolution: {integrity: sha512-HwGDZ0VLVBY3Y+Nw0JexZy9o/nUAWq9MlV7cahpaXKW6TOzfVno3y3/M8Ga8u8Yr7GldLOov27xiCnqRZf0tCA==}
    engines: {node: '>=18'}
    cpu: [x64]
    os: [netbsd]

  '@esbuild/openbsd-arm64@0.27.2':
    resolution: {integrity: sha512-DNIHH2BPQ5551A7oSHD0CKbwIA/Ox7+78/AWkbS5QoRzaqlev2uFayfSxq68EkonB+IKjiuxBFoV8ESJy8bOHA==}
    engines: {node: '>=18'}
    cpu: [arm64]
    os: [openbsd]

  '@esbuild/openbsd-x64@0.27.2':
    resolution: {integrity: sha512-/it7w9Nb7+0KFIzjalNJVR5bOzA9Vay+yIPLVHfIQYG/j+j9VTH84aNB8ExGKPU4AzfaEvN9/V4HV+F+vo8OEg==}
    engines: {node: '>=18'}
    cpu: [x64]
    os: [openbsd]

  '@esbuild/openharmony-arm64@0.27.2':
    resolution: {integrity: sha512-LRBbCmiU51IXfeXk59csuX/aSaToeG7w48nMwA6049Y4J4+VbWALAuXcs+qcD04rHDuSCSRKdmY63sruDS5qag==}
    engines: {node: '>=18'}
    cpu: [arm64]
    os: [openharmony]

  '@esbuild/sunos-x64@0.27.2':
    resolution: {integrity: sha512-kMtx1yqJHTmqaqHPAzKCAkDaKsffmXkPHThSfRwZGyuqyIeBvf08KSsYXl+abf5HDAPMJIPnbBfXvP2ZC2TfHg==}
    engines: {node: '>=18'}
    cpu: [x64]
    os: [sunos]

  '@esbuild/win32-arm64@0.27.2':
    resolution: {integrity: sha512-Yaf78O/B3Kkh+nKABUF++bvJv5Ijoy9AN1ww904rOXZFLWVc5OLOfL56W+C8F9xn5JQZa3UX6m+IktJnIb1Jjg==}
    engines: {node: '>=18'}
    cpu: [arm64]
    os: [win32]

  '@esbuild/win32-ia32@0.27.2':
    resolution: {integrity: sha512-Iuws0kxo4yusk7sw70Xa2E2imZU5HoixzxfGCdxwBdhiDgt9vX9VUCBhqcwY7/uh//78A1hMkkROMJq9l27oLQ==}
    engines: {node: '>=18'}
    cpu: [ia32]
    os: [win32]

  '@esbuild/win32-x64@0.27.2':
    resolution: {integrity: sha512-sRdU18mcKf7F+YgheI/zGf5alZatMUTKj/jNS6l744f9u3WFu4v7twcUI9vu4mknF4Y9aDlblIie0IM+5xxaqQ==}
    engines: {node: '>=18'}
    cpu: [x64]
    os: [win32]

  '@pinojs/redact@0.4.0':
    resolution: {integrity: sha512-k2ENnmBugE/rzQfEcdWHcCY+/FM3VLzH9cYEsbdsoqrvzAKRhUZeRNhAZvB8OitQJ1TBed3yqWtdjzS6wJKBwg==}

  '@prisma/client@6.19.1':
    resolution: {integrity: sha512-4SXj4Oo6HyQkLUWT8Ke5R0PTAfVOKip5Roo+6+b2EDTkFg5be0FnBWiuRJc0BC0sRQIWGMLKW1XguhVfW/z3/A==}
    engines: {node: '>=18.18'}
    peerDependencies:
      prisma: '*'
      typescript: '>=5.1.0'
    peerDependenciesMeta:
      prisma:
        optional: true
      typescript:
        optional: true

  '@prisma/config@6.19.1':
    resolution: {integrity: sha512-bUL/aYkGXLwxVGhJmQMtslLT7KPEfUqmRa919fKI4wQFX4bIFUKiY8Jmio/2waAjjPYrtuDHa7EsNCnJTXxiOw==}

  '@prisma/debug@6.19.1':
    resolution: {integrity: sha512-h1JImhlAd/s5nhY/e9qkAzausWldbeT+e4nZF7A4zjDYBF4BZmKDt4y0jK7EZapqOm1kW7V0e9agV/iFDy3fWw==}

  '@prisma/engines-version@7.1.1-3.c2990dca591cba766e3b7ef5d9e8a84796e47ab7':
    resolution: {integrity: sha512-03bgb1VD5gvuumNf+7fVGBzfpJPjmqV423l/WxsWk2cNQ42JD0/SsFBPhN6z8iAvdHs07/7ei77SKu7aZfq8bA==}

  '@prisma/engines@6.19.1':
    resolution: {integrity: sha512-xy95dNJ7DiPf9IJ3oaVfX785nbFl7oNDzclUF+DIiJw6WdWCvPl0LPU0YqQLsrwv8N64uOQkH391ujo3wSo+Nw==}

  '@prisma/fetch-engine@6.19.1':
    resolution: {integrity: sha512-mmgcotdaq4VtAHO6keov3db+hqlBzQS6X7tR7dFCbvXjLVTxBYdSJFRWz+dq7F9p6dvWyy1X0v8BlfRixyQK6g==}

  '@prisma/get-platform@6.19.1':
    resolution: {integrity: sha512-zsg44QUiQAnFUyh6Fbt7c9HjMXHwFTqtrgcX7DAZmRgnkPyYT7Sh8Mn8D5PuuDYNtMOYcpLGg576MLfIORsBYw==}

  '@skyware/jetstream@0.2.5':
    resolution: {integrity: sha512-fM/zs03DLwqRyzZZJFWN20e76KrdqIp97Tlm8Cek+vxn96+tu5d/fx79V6H85L0QN6HvGiX2l9A8hWFqHvYlOA==}

  '@standard-schema/spec@1.1.0':
    resolution: {integrity: sha512-l2aFy5jALhniG5HgqrD6jXLi/rUWrKvqN/qJx6yoJsgKhblVd+iqqU4RCXavm/jPityDo5TCvKMnpjKnOriy0w==}

  '@types/node@24.10.4':
    resolution: {integrity: sha512-vnDVpYPMzs4wunl27jHrfmwojOGKya0xyM3sH+UE5iv5uPS6vX7UIoh6m+vQc5LGBq52HBKPIn/zcSZVzeDEZg==}

  '@types/ws@8.18.1':
    resolution: {integrity: sha512-ThVF6DCVhA8kUGy+aazFQ4kXQ7E1Ty7A3ypFOe0IcJV8O/M511G99AW24irKrW56Wt44yG9+ij8FaqoBGkuBXg==}

  atomic-sleep@1.0.0:
    resolution: {integrity: sha512-kNOjDqAh7px0XWNI+4QbzoiR/nTkHAWNud2uvnJquD1/x5a7EQZMJT0AczqK0Qn67oY/TTQ1LbUKajZpp3I9tQ==}
    engines: {node: '>=8.0.0'}

  await-lock@2.2.2:
    resolution: {integrity: sha512-aDczADvlvTGajTDjcjpJMqRkOF6Qdz3YbPZm/PyW6tKPkx2hlYBzxMhEywM/tU72HrVZjgl5VCdRuMlA7pZ8Gw==}

  c12@3.1.0:
    resolution: {integrity: sha512-uWoS8OU1MEIsOv8p/5a82c3H31LsWVR5qiyXVfBNOzfffjUWtPnhAb4BYI2uG2HfGmZmFjCtui5XNWaps+iFuw==}
    peerDependencies:
      magicast: ^0.3.5
    peerDependenciesMeta:
      magicast:
        optional: true

  chokidar@4.0.3:
    resolution: {integrity: sha512-Qgzu8kfBvo+cA4962jnP1KkS6Dop5NS6g7R5LFYJr4b8Ub94PPQXUksCw9PvXoeXPRRddRNC5C1JQUR2SMGtnA==}
    engines: {node: '>= 14.16.0'}

  citty@0.1.6:
    resolution: {integrity: sha512-tskPPKEs8D2KPafUypv2gxwJP8h/OaJmC82QQGGDQcHvXX43xF2VDACcJVmZ0EuSxkpO9Kc4MlrA3q0+FG58AQ==}

  colorette@2.0.20:
    resolution: {integrity: sha512-IfEDxwoWIjkeXL1eXcDiow4UbKjhLdq6/EuSVR9GMN7KVH3r9gQ83e73hsz1Nd1T3ijd5xv1wcWRYO+D6kCI2w==}

  confbox@0.2.2:
    resolution: {integrity: sha512-1NB+BKqhtNipMsov4xI/NnhCKp9XG9NamYp5PVm9klAT0fsrNPjaFICsCFhNhwZJKNh7zB/3q8qXz0E9oaMNtQ==}

  consola@3.4.2:
    resolution: {integrity: sha512-5IKcdX0nnYavi6G7TtOhwkYzyjfJlatbjMjuLSfE2kYT5pMDOilZ4OvMhi637CcDICTmz3wARPoyhqyX1Y+XvA==}
    engines: {node: ^14.18.0 || >=16.10.0}

  core-js@3.47.0:
    resolution: {integrity: sha512-c3Q2VVkGAUyupsjRnaNX6u8Dq2vAdzm9iuPj5FW0fRxzlxgq9Q39MDq10IvmQSpLgHQNyQzQmOo6bgGHmH3NNg==}

  dateformat@4.6.3:
    resolution: {integrity: sha512-2P0p0pFGzHS5EMnhdxQi7aJN+iMheud0UhG4dlE1DLAlvL8JHjJJTX/CSm4JXwV0Ka5nGk3zC5mcb5bUQUxxMA==}

  deepmerge-ts@7.1.5:
    resolution: {integrity: sha512-HOJkrhaYsweh+W+e74Yn7YStZOilkoPb6fycpwNLKzSPtruFs48nYis0zy5yJz1+ktUhHxoRDJ27RQAWLIJVJw==}
    engines: {node: '>=16.0.0'}

  defu@6.1.4:
    resolution: {integrity: sha512-mEQCMmwJu317oSz8CwdIOdwf3xMif1ttiM8LTufzc3g6kR+9Pe236twL8j3IYT1F7GfRgGcW6MWxzZjLIkuHIg==}

  destr@2.0.5:
    resolution: {integrity: sha512-ugFTXCtDZunbzasqBxrK93Ik/DRYsO6S/fedkWEMKqt04xZ4csmnmwGDBAb07QWNaGMAmnTIemsYZCksjATwsA==}

  dotenv@16.6.1:
    resolution: {integrity: sha512-uBq4egWHTcTt33a72vpSG0z3HnPuIl6NqYcTrKEg2azoEyl2hpW0zqlxysq2pK9HlDIHyHyakeYaYnSAwd8bow==}
    engines: {node: '>=12'}

  dotenv@17.2.3:
    resolution: {integrity: sha512-JVUnt+DUIzu87TABbhPmNfVdBDt18BLOWjMUFJMSi/Qqg7NTYtabbvSNJGOJ7afbRuv9D/lngizHtP7QyLQ+9w==}
    engines: {node: '>=12'}

  effect@3.18.4:
    resolution: {integrity: sha512-b1LXQJLe9D11wfnOKAk3PKxuqYshQ0Heez+y5pnkd3jLj1yx9QhM72zZ9uUrOQyNvrs2GZZd/3maL0ZV18YuDA==}

  empathic@2.0.0:
    resolution: {integrity: sha512-i6UzDscO/XfAcNYD75CfICkmfLedpyPDdozrLMmQc5ORaQcdMoc21OnlEylMIqI7U8eniKrPMxxtj8k0vhmJhA==}
    engines: {node: '>=14'}

  end-of-stream@1.4.5:
    resolution: {integrity: sha512-ooEGc6HP26xXq/N+GCGOT0JKCLDGrq2bQUZrQ7gyrJiZANJ/8YDTxTpQBXGMn+WbIQXNVpyWymm7KYVICQnyOg==}

  esbuild@0.27.2:
    resolution: {integrity: sha512-HyNQImnsOC7X9PMNaCIeAm4ISCQXs5a5YasTXVliKv4uuBo1dKrG0A+uQS8M5eXjVMnLg3WgXaKvprHlFJQffw==}
    engines: {node: '>=18'}
    hasBin: true

  esm-env@1.2.2:
    resolution: {integrity: sha512-Epxrv+Nr/CaL4ZcFGPJIYLWFom+YeV1DqMLHJoEd9SYRxNbaFruBwfEX/kkHUJf55j2+TUbmDcmuilbP1TmXHA==}

  event-target-polyfill@0.0.4:
    resolution: {integrity: sha512-Gs6RLjzlLRdT8X9ZipJdIZI/Y6/HhRLyq9RdDlCsnpxr/+Nn6bU2EFGuC94GjxqhM+Nmij2Vcq98yoHrU8uNFQ==}

  eventemitter3@5.0.1:
    resolution: {integrity: sha512-GWkBvjiSZK87ELrYOSESUYeVIc9mvLLf/nXalMOS5dYrgZq9o5OVkbZAVM06CVxYsCwH9BDZFPlQTlPA1j4ahA==}

  exsolve@1.0.8:
    resolution: {integrity: sha512-LmDxfWXwcTArk8fUEnOfSZpHOJ6zOMUJKOtFLFqJLoKJetuQG874Uc7/Kki7zFLzYybmZhp1M7+98pfMqeX8yA==}

  fast-check@3.23.2:
    resolution: {integrity: sha512-h5+1OzzfCC3Ef7VbtKdcv7zsstUQwUDlYpUTvjeUsJAssPgLn7QzbboPtL5ro04Mq0rPOsMzl7q5hIbRs2wD1A==}
    engines: {node: '>=8.0.0'}

  fast-copy@4.0.2:
    resolution: {integrity: sha512-ybA6PDXIXOXivLJK/z9e+Otk7ve13I4ckBvGO5I2RRmBU1gMHLVDJYEuJYhGwez7YNlYji2M2DvVU+a9mSFDlw==}

  fast-safe-stringify@2.1.1:
    resolution: {integrity: sha512-W+KJc2dmILlPplD/H4K9l9LcAHAfPtP6BY84uVLXQ6Evcz9Lcg33Y2z1IVblT6xdY54PXYVHEv+0Wpq8Io6zkA==}

  fsevents@2.3.3:
    resolution: {integrity: sha512-5xoDfX+fL7faATnagmWPpbFtwh/R77WmMMqqHGS65C3vvB0YHrgF+B1YmZ3441tMj5n63k0212XNoJwzlhffQw==}
    engines: {node: ^8.16.0 || ^10.6.0 || >=11.0.0}
    os: [darwin]

  get-tsconfig@4.13.0:
    resolution: {integrity: sha512-1VKTZJCwBrvbd+Wn3AOgQP/2Av+TfTCOlE4AcRJE72W1ksZXbAx8PPBR9RzgTeSPzlPMHrbANMH3LbltH73wxQ==}

  giget@2.0.0:
    resolution: {integrity: sha512-L5bGsVkxJbJgdnwyuheIunkGatUF/zssUoxxjACCseZYAVbaqdh9Tsmmlkl8vYan09H7sbvKt4pS8GqKLBrEzA==}
    hasBin: true

  help-me@5.0.0:
    resolution: {integrity: sha512-7xgomUX6ADmcYzFik0HzAxh/73YlKR9bmFzf51CZwR+b6YtzU2m0u49hQCqV6SvlqIqsaxovfwdvbnsw3b/zpg==}

  ipaddr.js@2.3.0:
    resolution: {integrity: sha512-Zv/pA+ciVFbCSBBjGfaKUya/CcGmUHzTydLMaTwrUUEM2DIEO3iZvueGxmacvmN50fGpGVKeTXpb2LcYQxeVdg==}
    engines: {node: '>= 10'}

  iso-datestring-validator@2.2.2:
    resolution: {integrity: sha512-yLEMkBbLZTlVQqOnQ4FiMujR6T4DEcCb1xizmvXS+OxuhwcbtynoosRzdMA69zZCShCNAbi+gJ71FxZBBXx1SA==}

  jiti@2.6.1:
    resolution: {integrity: sha512-ekilCSN1jwRvIbgeg/57YFh8qQDNbwDb9xT/qu2DAHbFFZUicIl4ygVaAvzveMhMVr3LnpSKTNnwt8PoOfmKhQ==}
    hasBin: true

  jose@5.10.0:
    resolution: {integrity: sha512-s+3Al/p9g32Iq+oqXxkW//7jk2Vig6FF1CFqzVXoTUXt2qz89YWbL+OwS17NFYEvxC35n0FKeGO2LGYSxeM2Gg==}

  joycon@3.1.1:
    resolution: {integrity: sha512-34wB/Y7MW7bzjKRjUKTa46I2Z7eV62Rkhva+KkopW7Qvv/OSWBqvkSY7vusOPrNuZcUG3tApvdVgNB8POj3SPw==}
    engines: {node: '>=10'}

  lru-cache@10.4.3:
    resolution: {integrity: sha512-JNAzZcXrCt42VGLuYz0zfAzDfAvJWW6AfYlDBQyDV5DClI2m5sAmK+OIO7s59XfsRsWHp02jAJrRadPRGTt6SQ==}

  minimist@1.2.8:
    resolution: {integrity: sha512-2yyAR8qBkN3YuheJanUpWC5U3bb5osDywNB8RzDVlDwDHbocAJveqqj1u8+SVD7jkWT4yvsHCpWqqWqAxb0zCA==}

  multiformats@9.9.0:
    resolution: {integrity: sha512-HoMUjhH9T8DDBNT+6xzkrd9ga/XiBI4xLr58LJACwK6G3HTOPeMz4nB4KJs33L2BelrIJa7P0VuNaVF3hMYfjg==}

  node-fetch-native@1.6.7:
    resolution: {integrity: sha512-g9yhqoedzIUm0nTnTqAQvueMPVOuIY16bqgAJJC8XOOubYFNwz6IER9qs0Gq2Xd0+CecCKFjtdDTMA4u4xG06Q==}

  nypm@0.6.2:
    resolution: {integrity: sha512-7eM+hpOtrKrBDCh7Ypu2lJ9Z7PNZBdi/8AT3AX8xoCj43BBVHD0hPSTEvMtkMpfs8FCqBGhxB+uToIQimA111g==}
    engines: {node: ^14.16.0 || >=16.10.0}
    hasBin: true

  ohash@2.0.11:
    resolution: {integrity: sha512-RdR9FQrFwNBNXAr4GixM8YaRZRJ5PUWbKYbE5eOsrwAjJW0q2REGcf79oYPsLyskQCZG1PLN+S/K1V00joZAoQ==}

  on-exit-leak-free@2.1.2:
    resolution: {integrity: sha512-0eJJY6hXLGf1udHwfNftBqH+g73EU4B504nZeKpz1sYRKafAghwxEJunB2O7rDZkL4PGfsMVnTXZ2EjibbqcsA==}
    engines: {node: '>=14.0.0'}

  once@1.4.0:
    resolution: {integrity: sha512-lNaJgI+2Q5URQBkccEKHTQOPaXdUxnZZElQTZY0MFUAuaEqe1E+Nyvgdz/aIyNi6Z9MzO5dv1H8n58/GELp3+w==}

  openai@6.15.0:
    resolution: {integrity: sha512-F1Lvs5BoVvmZtzkUEVyh8mDQPPFolq4F+xdsx/DO8Hee8YF3IGAlZqUIsF+DVGhqf4aU0a3bTghsxB6OIsRy1g==}
    hasBin: true
    peerDependencies:
      ws: ^8.18.0
      zod: ^3.25 || ^4.0
    peerDependenciesMeta:
      ws:
        optional: true
      zod:
        optional: true

  p-limit@7.2.0:
    resolution: {integrity: sha512-ATHLtwoTNDloHRFFxFJdHnG6n2WUeFjaR8XQMFdKIv0xkXjrER8/iG9iu265jOM95zXHAfv9oTkqhrfbIzosrQ==}
    engines: {node: '>=20'}

  p-queue@9.0.1:
    resolution: {integrity: sha512-RhBdVhSwJb7Ocn3e8ULk4NMwBEuOxe+1zcgphUy9c2e5aR/xbEsdVXxHJ3lynw6Qiqu7OINEyHlZkiblEpaq7w==}
    engines: {node: '>=20'}

  p-timeout@7.0.1:
    resolution: {integrity: sha512-AxTM2wDGORHGEkPCt8yqxOTMgpfbEHqF51f/5fJCmwFC3C/zNcGT63SymH2ttOAaiIws2zVg4+izQCjrakcwHg==}
    engines: {node: '>=20'}

  partysocket@1.1.9:
    resolution: {integrity: sha512-iUDQN00KDqJHM91ki6qw/KfPdKGjI8HTc+k2j/KoemTC4LmaGlD6D6bxY55PFWc+Lx08OPLhReXyifp6ee8MeQ==}

  pathe@2.0.3:
    resolution: {integrity: sha512-WUjGcAqP1gQacoQe+OBJsFA7Ld4DyXuUIjZ5cc75cLHvJ7dtNsTugphxIADwspS+AraAUePCKrSVtPLFj/F88w==}

  perfect-debounce@1.0.0:
    resolution: {integrity: sha512-xCy9V055GLEqoFaHoC1SoLIaLmWctgCUaBaWxDZ7/Zx4CTyX7cJQLJOok/orfjZAh9kEYpjJa4d0KcJmCbctZA==}

  pino-abstract-transport@2.0.0:
    resolution: {integrity: sha512-F63x5tizV6WCh4R6RHyi2Ml+M70DNRXt/+HANowMflpgGFMAym/VKm6G7ZOQRjqN7XbGxK1Lg9t6ZrtzOaivMw==}

  pino-abstract-transport@3.0.0:
    resolution: {integrity: sha512-wlfUczU+n7Hy/Ha5j9a/gZNy7We5+cXp8YL+X+PG8S0KXxw7n/JXA3c46Y0zQznIJ83URJiwy7Lh56WLokNuxg==}

  pino-pretty@13.1.3:
    resolution: {integrity: sha512-ttXRkkOz6WWC95KeY9+xxWL6AtImwbyMHrL1mSwqwW9u+vLp/WIElvHvCSDg0xO/Dzrggz1zv3rN5ovTRVowKg==}
    hasBin: true

  pino-std-serializers@7.0.0:
    resolution: {integrity: sha512-e906FRY0+tV27iq4juKzSYPbUj2do2X2JX4EzSca1631EB2QJQUqGbDuERal7LCtOpxl6x3+nvo9NPZcmjkiFA==}

  pino@10.1.0:
    resolution: {integrity: sha512-0zZC2ygfdqvqK8zJIr1e+wT1T/L+LF6qvqvbzEQ6tiMAoTqEVK9a1K3YRu8HEUvGEvNqZyPJTtb2sNIoTkB83w==}
    hasBin: true

  pkg-types@2.3.0:
    resolution: {integrity: sha512-SIqCzDRg0s9npO5XQ3tNZioRY1uK06lA41ynBC1YmFTmnY6FjUjVt6s4LoADmwoig1qqD0oK8h1p/8mlMx8Oig==}

  prisma@6.19.1:
    resolution: {integrity: sha512-XRfmGzh6gtkc/Vq3LqZJcS2884dQQW3UhPo6jNRoiTW95FFQkXFg8vkYEy6og+Pyv0aY7zRQ7Wn1Cvr56XjhQQ==}
    engines: {node: '>=18.18'}
    hasBin: true
    peerDependencies:
      typescript: '>=5.1.0'
    peerDependenciesMeta:
      typescript:
        optional: true

  process-warning@5.0.0:
    resolution: {integrity: sha512-a39t9ApHNx2L4+HBnQKqxxHNs1r7KF+Intd8Q/g1bUh6q0WIp9voPXJ/x0j+ZL45KF1pJd9+q2jLIRMfvEshkA==}

  pump@3.0.3:
    resolution: {integrity: sha512-todwxLMY7/heScKmntwQG8CXVkWUOdYxIvY2s0VWAAMh/nd8SoYiRaKjlr7+iCs984f2P8zvrfWcDDYVb73NfA==}

  pure-rand@6.1.0:
    resolution: {integrity: sha512-bVWawvoZoBYpp6yIoQtQXHZjmz35RSVHnUOTefl8Vcjr8snTPY1wnpSPMWekcFwbxI6gtmT7rSYPFvz71ldiOA==}

  quick-format-unescaped@4.0.4:
    resolution: {integrity: sha512-tYC1Q1hgyRuHgloV/YXs2w15unPVh8qfu/qCTfhTYamaw7fyhumKa2yGpdSo87vY32rIclj+4fWYQXUMs9EHvg==}

  rc9@2.1.2:
    resolution: {integrity: sha512-btXCnMmRIBINM2LDZoEmOogIZU7Qe7zn4BpomSKZ/ykbLObuBdvG+mFq11DL6fjH1DRwHhrlgtYWG96bJiC7Cg==}

  readdirp@4.1.2:
    resolution: {integrity: sha512-GDhwkLfywWL2s6vEjyhri+eXmfH6j1L7JE27WhqLeYzoh/A3DBaYGEj2H/HFZCn/kMfim73FXxEJTw06WtxQwg==}
    engines: {node: '>= 14.18.0'}

  real-require@0.2.0:
    resolution: {integrity: sha512-57frrGM/OCTLqLOAh0mhVA9VBMHd+9U7Zb2THMGdBUoZVOtGbJzjxsYGDJ3A9AYYCP4hn6y1TVbaOfzWtm5GFg==}
    engines: {node: '>= 12.13.0'}

  resolve-pkg-maps@1.0.0:
    resolution: {integrity: sha512-seS2Tj26TBVOC2NIc2rOe2y2ZO7efxITtLZcGSOnHHNOQ7CkiUBfw0Iw2ck6xkIhPwLhKNLS8BO+hEpngQlqzw==}

  safe-stable-stringify@2.5.0:
    resolution: {integrity: sha512-b3rppTKm9T+PsVCBEOUR46GWI7fdOs00VKZ1+9c1EWDaDMvjQc6tUwuFyIprgGgTcWoVHSKrU8H31ZHA2e0RHA==}
    engines: {node: '>=10'}

  secure-json-parse@4.1.0:
    resolution: {integrity: sha512-l4KnYfEyqYJxDwlNVyRfO2E4NTHfMKAWdUuA8J0yve2Dz/E/PdBepY03RvyJpssIpRFwJoCD55wA+mEDs6ByWA==}

  sonic-boom@4.2.0:
    resolution: {integrity: sha512-INb7TM37/mAcsGmc9hyyI6+QR3rR1zVRu36B0NeGXKnOOLiZOfER5SA+N7X7k3yUYRzLWafduTDvJAfDswwEww==}

  split2@4.2.0:
    resolution: {integrity: sha512-UcjcJOWknrNkF6PLX83qcHM6KHgVKNkV62Y8a5uYDVv9ydGQVwAHMKqHdJje1VTWpljG0WYpCDhrCdAOYH4TWg==}
    engines: {node: '>= 10.x'}

  strip-json-comments@5.0.3:
    resolution: {integrity: sha512-1tB5mhVo7U+ETBKNf92xT4hrQa3pm0MZ0PQvuDnWgAAGHDsfp4lPSpiS6psrSiet87wyGPh9ft6wmhOMQ0hDiw==}
    engines: {node: '>=14.16'}

  thread-stream@3.1.0:
    resolution: {integrity: sha512-OqyPZ9u96VohAyMfJykzmivOrY2wfMSf3C5TtFJVgN+Hm6aj+voFhlK+kZEIv2FBh1X6Xp3DlnCOfEQ3B2J86A==}

  tiny-emitter@2.1.0:
    resolution: {integrity: sha512-NB6Dk1A9xgQPMoGqC5CVXn123gWyte215ONT5Pp5a0yt4nlEoO1ZWeCwpncaekPHXO60i47ihFnZPiRPjRMq4Q==}

  tinyexec@1.0.2:
    resolution: {integrity: sha512-W/KYk+NFhkmsYpuHq5JykngiOCnxeVL8v8dFnqxSD8qEEdRfXk1SDM6JzNqcERbcGYj9tMrDQBYV9cjgnunFIg==}
    engines: {node: '>=18'}

  tlds@1.261.0:
    resolution: {integrity: sha512-QXqwfEl9ddlGBaRFXIvNKK6OhipSiLXuRuLJX5DErz0o0Q0rYxulWLdFryTkV5PkdZct5iMInwYEGe/eR++1AA==}
    hasBin: true

  tslib@2.8.1:
    resolution: {integrity: sha512-oJFu94HQb+KVduSUQL7wnpmqnfmLsOA/nAh6b6EH0wCEoK0/mPeXU6c3wKDV83MkOuHPRHtSXKKU99IBazS/2w==}

  tsx@4.21.0:
    resolution: {integrity: sha512-5C1sg4USs1lfG0GFb2RLXsdpXqBSEhAaA/0kPL01wxzpMqLILNxIxIOKiILz+cdg/pLnOUxFYOR5yhHU666wbw==}
    engines: {node: '>=18.0.0'}
    hasBin: true

  uint8arrays@3.0.0:
    resolution: {integrity: sha512-HRCx0q6O9Bfbp+HHSfQQKD7wU70+lydKVt4EghkdOvlK/NlrF90z+eXV34mUd48rNvVJXwkrMSPpCATkct8fJA==}

  undici-types@7.16.0:
    resolution: {integrity: sha512-Zz+aZWSj8LE6zoxD+xrjh4VfkIG8Ya6LvYkZqtUQGJPZjYl53ypCaUwWqo7eI0x66KBGeRo+mlBEkMSeSZ38Nw==}

  undici@6.22.0:
    resolution: {integrity: sha512-hU/10obOIu62MGYjdskASR3CUAiYaFTtC9Pa6vHyf//mAipSvSQg6od2CnJswq7fvzNS3zJhxoRkgNVaHurWKw==}
    engines: {node: '>=18.17'}

  unicode-segmenter@0.14.4:
    resolution: {integrity: sha512-pR5VCiCrLrKOL6FRW61jnk9+wyMtKKowq+jyFY9oc6uHbWKhDL4yVRiI4YZPksGMK72Pahh8m0cn/0JvbDDyJg==}

  wrappy@1.0.2:
    resolution: {integrity: sha512-l4Sp/DRseor9wL6EvV2+TuQn63dMkPjZ/sp9XkghTEbV9KlPS1xUsZ3u7/IQO4wxtcFB4bgpQPRcR3QCvezPcQ==}

  ws@8.18.3:
    resolution: {integrity: sha512-PEIGCY5tSlUt50cqyMXfCzX+oOPqN0vuGqWzbcJ2xvnkzkq46oOpz7dQaTDBdfICb4N14+GARUDw2XV2N4tvzg==}
    engines: {node: '>=10.0.0'}
    peerDependencies:
      bufferutil: ^4.0.1
      utf-8-validate: '>=5.0.2'
    peerDependenciesMeta:
      bufferutil:
        optional: true
      utf-8-validate:
        optional: true

  yocto-queue@1.2.2:
    resolution: {integrity: sha512-4LCcse/U2MHZ63HAJVE+v71o7yOdIe4cZ70Wpf8D/IyjDKYQLV5GD46B+hSTjJsvV5PztjvHoU580EftxjDZFQ==}
    engines: {node: '>=12.20'}

  zod@3.25.76:
    resolution: {integrity: sha512-gzUt/qt81nXsFGKIFcC3YnfEAx5NkunCfnDlvuBSSFS02bcXu4Lmea0AFIUwbLWxWPx3d9p8S5QoaujKcNQxcQ==}

snapshots:

  '@atcute/atproto@3.1.9':
    dependencies:
      '@atcute/lexicons': 1.2.5

  '@atcute/bluesky@3.2.14':
    dependencies:
      '@atcute/atproto': 3.1.9
      '@atcute/lexicons': 1.2.5

  '@atcute/client@4.1.1':
    dependencies:
      '@atcute/identity': 1.1.3
      '@atcute/lexicons': 1.2.5

  '@atcute/identity@1.1.3':
    dependencies:
      '@atcute/lexicons': 1.2.5
      '@badrap/valita': 0.4.6

  '@atcute/lexicons@1.2.5':
    dependencies:
      '@standard-schema/spec': 1.1.0
      esm-env: 1.2.2

  '@atcute/tid@1.0.3': {}

  '@atproto-labs/did-resolver@0.2.4':
    dependencies:
      '@atproto-labs/fetch': 0.2.3
      '@atproto-labs/pipe': 0.1.1
      '@atproto-labs/simple-store': 0.3.0
      '@atproto-labs/simple-store-memory': 0.1.4
      '@atproto/did': 0.2.3
      zod: 3.25.76

  '@atproto-labs/fetch-node@0.2.0':
    dependencies:
      '@atproto-labs/fetch': 0.2.3
      '@atproto-labs/pipe': 0.1.1
      ipaddr.js: 2.3.0
      undici: 6.22.0

  '@atproto-labs/fetch@0.2.3':
    dependencies:
      '@atproto-labs/pipe': 0.1.1

  '@atproto-labs/handle-resolver-node@0.1.23':
    dependencies:
      '@atproto-labs/fetch-node': 0.2.0
      '@atproto-labs/handle-resolver': 0.3.4
      '@atproto/did': 0.2.3

  '@atproto-labs/handle-resolver@0.3.4':
    dependencies:
      '@atproto-labs/simple-store': 0.3.0
      '@atproto-labs/simple-store-memory': 0.1.4
      '@atproto/did': 0.2.3
      zod: 3.25.76

  '@atproto-labs/identity-resolver@0.3.4':
    dependencies:
      '@atproto-labs/did-resolver': 0.2.4
      '@atproto-labs/handle-resolver': 0.3.4

  '@atproto-labs/pipe@0.1.1': {}

  '@atproto-labs/simple-store-memory@0.1.4':
    dependencies:
      '@atproto-labs/simple-store': 0.3.0
      lru-cache: 10.4.3

  '@atproto-labs/simple-store@0.3.0': {}

  '@atproto/api@0.18.8':
    dependencies:
      '@atproto/common-web': 0.4.7
      '@atproto/lexicon': 0.6.0
      '@atproto/syntax': 0.4.2
      '@atproto/xrpc': 0.7.7
      await-lock: 2.2.2
      multiformats: 9.9.0
      tlds: 1.261.0
      zod: 3.25.76

  '@atproto/common-web@0.4.7':
    dependencies:
      '@atproto/lex-data': 0.0.3
      '@atproto/lex-json': 0.0.3
      zod: 3.25.76

  '@atproto/did@0.2.3':
    dependencies:
      zod: 3.25.76

  '@atproto/jwk-jose@0.1.11':
    dependencies:
      '@atproto/jwk': 0.6.0
      jose: 5.10.0

  '@atproto/jwk-webcrypto@0.2.0':
    dependencies:
      '@atproto/jwk': 0.6.0
      '@atproto/jwk-jose': 0.1.11
      zod: 3.25.76

  '@atproto/jwk@0.6.0':
    dependencies:
      multiformats: 9.9.0
      zod: 3.25.76

  '@atproto/lex-data@0.0.3':
    dependencies:
      '@atproto/syntax': 0.4.2
      multiformats: 9.9.0
      tslib: 2.8.1
      uint8arrays: 3.0.0
      unicode-segmenter: 0.14.4

  '@atproto/lex-json@0.0.3':
    dependencies:
      '@atproto/lex-data': 0.0.3
      tslib: 2.8.1

  '@atproto/lexicon@0.6.0':
    dependencies:
      '@atproto/common-web': 0.4.7
      '@atproto/syntax': 0.4.2
      iso-datestring-validator: 2.2.2
      multiformats: 9.9.0
      zod: 3.25.76

  '@atproto/oauth-client-node@0.3.13':
    dependencies:
      '@atproto-labs/did-resolver': 0.2.4
      '@atproto-labs/handle-resolver-node': 0.1.23
      '@atproto-labs/simple-store': 0.3.0
      '@atproto/did': 0.2.3
      '@atproto/jwk': 0.6.0
      '@atproto/jwk-jose': 0.1.11
      '@atproto/jwk-webcrypto': 0.2.0
      '@atproto/oauth-client': 0.5.11
      '@atproto/oauth-types': 0.5.2

  '@atproto/oauth-client@0.5.11':
    dependencies:
      '@atproto-labs/did-resolver': 0.2.4
      '@atproto-labs/fetch': 0.2.3
      '@atproto-labs/handle-resolver': 0.3.4
      '@atproto-labs/identity-resolver': 0.3.4
      '@atproto-labs/simple-store': 0.3.0
      '@atproto-labs/simple-store-memory': 0.1.4
      '@atproto/did': 0.2.3
      '@atproto/jwk': 0.6.0
      '@atproto/oauth-types': 0.5.2
      '@atproto/xrpc': 0.7.7
      core-js: 3.47.0
      multiformats: 9.9.0
      zod: 3.25.76

  '@atproto/oauth-types@0.5.2':
    dependencies:
      '@atproto/did': 0.2.3
      '@atproto/jwk': 0.6.0
      zod: 3.25.76

  '@atproto/syntax@0.4.2': {}

  '@atproto/xrpc@0.7.7':
    dependencies:
      '@atproto/lexicon': 0.6.0
      zod: 3.25.76

  '@badrap/valita@0.4.6': {}

  '@esbuild/aix-ppc64@0.27.2':
    optional: true

  '@esbuild/android-arm64@0.27.2':
    optional: true

  '@esbuild/android-arm@0.27.2':
    optional: true

  '@esbuild/android-x64@0.27.2':
    optional: true

  '@esbuild/darwin-arm64@0.27.2':
    optional: true

  '@esbuild/darwin-x64@0.27.2':
    optional: true

  '@esbuild/freebsd-arm64@0.27.2':
    optional: true

  '@esbuild/freebsd-x64@0.27.2':
    optional: true

  '@esbuild/linux-arm64@0.27.2':
    optional: true

  '@esbuild/linux-arm@0.27.2':
    optional: true

  '@esbuild/linux-ia32@0.27.2':
    optional: true

  '@esbuild/linux-loong64@0.27.2':
    optional: true

  '@esbuild/linux-mips64el@0.27.2':
    optional: true

  '@esbuild/linux-ppc64@0.27.2':
    optional: true

  '@esbuild/linux-riscv64@0.27.2':
    optional: true

  '@esbuild/linux-s390x@0.27.2':
    optional: true

  '@esbuild/linux-x64@0.27.2':
    optional: true

  '@esbuild/netbsd-arm64@0.27.2':
    optional: true

  '@esbuild/netbsd-x64@0.27.2':
    optional: true

  '@esbuild/openbsd-arm64@0.27.2':
    optional: true

  '@esbuild/openbsd-x64@0.27.2':
    optional: true

  '@esbuild/openharmony-arm64@0.27.2':
    optional: true

  '@esbuild/sunos-x64@0.27.2':
    optional: true

  '@esbuild/win32-arm64@0.27.2':
    optional: true

  '@esbuild/win32-ia32@0.27.2':
    optional: true

  '@esbuild/win32-x64@0.27.2':
    optional: true

  '@pinojs/redact@0.4.0': {}

  '@prisma/client@6.19.1(prisma@6.19.1)':
    optionalDependencies:
      prisma: 6.19.1

  '@prisma/config@6.19.1':
    dependencies:
      c12: 3.1.0
      deepmerge-ts: 7.1.5
      effect: 3.18.4
      empathic: 2.0.0
    transitivePeerDependencies:
      - magicast

  '@prisma/debug@6.19.1': {}

  '@prisma/engines-version@7.1.1-3.c2990dca591cba766e3b7ef5d9e8a84796e47ab7': {}

  '@prisma/engines@6.19.1':
    dependencies:
      '@prisma/debug': 6.19.1
      '@prisma/engines-version': 7.1.1-3.c2990dca591cba766e3b7ef5d9e8a84796e47ab7
      '@prisma/fetch-engine': 6.19.1
      '@prisma/get-platform': 6.19.1

  '@prisma/fetch-engine@6.19.1':
    dependencies:
      '@prisma/debug': 6.19.1
      '@prisma/engines-version': 7.1.1-3.c2990dca591cba766e3b7ef5d9e8a84796e47ab7
      '@prisma/get-platform': 6.19.1

  '@prisma/get-platform@6.19.1':
    dependencies:
      '@prisma/debug': 6.19.1

  '@skyware/jetstream@0.2.5':
    dependencies:
      '@atcute/atproto': 3.1.9
      '@atcute/bluesky': 3.2.14
      '@atcute/lexicons': 1.2.5
      partysocket: 1.1.9
      tiny-emitter: 2.1.0

  '@standard-schema/spec@1.1.0': {}

  '@types/node@24.10.4':
    dependencies:
      undici-types: 7.16.0

  '@types/ws@8.18.1':
    dependencies:
      '@types/node': 24.10.4

  atomic-sleep@1.0.0: {}

  await-lock@2.2.2: {}

  c12@3.1.0:
    dependencies:
      chokidar: 4.0.3
      confbox: 0.2.2
      defu: 6.1.4
      dotenv: 16.6.1
      exsolve: 1.0.8
      giget: 2.0.0
      jiti: 2.6.1
      ohash: 2.0.11
      pathe: 2.0.3
      perfect-debounce: 1.0.0
      pkg-types: 2.3.0
      rc9: 2.1.2

  chokidar@4.0.3:
    dependencies:
      readdirp: 4.1.2

  citty@0.1.6:
    dependencies:
      consola: 3.4.2

  colorette@2.0.20: {}

  confbox@0.2.2: {}

  consola@3.4.2: {}

  core-js@3.47.0: {}

  dateformat@4.6.3: {}

  deepmerge-ts@7.1.5: {}

  defu@6.1.4: {}

  destr@2.0.5: {}

  dotenv@16.6.1: {}

  dotenv@17.2.3: {}

  effect@3.18.4:
    dependencies:
      '@standard-schema/spec': 1.1.0
      fast-check: 3.23.2

  empathic@2.0.0: {}

  end-of-stream@1.4.5:
    dependencies:
      once: 1.4.0

  esbuild@0.27.2:
    optionalDependencies:
      '@esbuild/aix-ppc64': 0.27.2
      '@esbuild/android-arm': 0.27.2
      '@esbuild/android-arm64': 0.27.2
      '@esbuild/android-x64': 0.27.2
      '@esbuild/darwin-arm64': 0.27.2
      '@esbuild/darwin-x64': 0.27.2
      '@esbuild/freebsd-arm64': 0.27.2
      '@esbuild/freebsd-x64': 0.27.2
      '@esbuild/linux-arm': 0.27.2
      '@esbuild/linux-arm64': 0.27.2
      '@esbuild/linux-ia32': 0.27.2
      '@esbuild/linux-loong64': 0.27.2
      '@esbuild/linux-mips64el': 0.27.2
      '@esbuild/linux-ppc64': 0.27.2
      '@esbuild/linux-riscv64': 0.27.2
      '@esbuild/linux-s390x': 0.27.2
      '@esbuild/linux-x64': 0.27.2
      '@esbuild/netbsd-arm64': 0.27.2
      '@esbuild/netbsd-x64': 0.27.2
      '@esbuild/openbsd-arm64': 0.27.2
      '@esbuild/openbsd-x64': 0.27.2
      '@esbuild/openharmony-arm64': 0.27.2
      '@esbuild/sunos-x64': 0.27.2
      '@esbuild/win32-arm64': 0.27.2
      '@esbuild/win32-ia32': 0.27.2
      '@esbuild/win32-x64': 0.27.2

  esm-env@1.2.2: {}

  event-target-polyfill@0.0.4: {}

  eventemitter3@5.0.1: {}

  exsolve@1.0.8: {}

  fast-check@3.23.2:
    dependencies:
      pure-rand: 6.1.0

  fast-copy@4.0.2: {}

  fast-safe-stringify@2.1.1: {}

  fsevents@2.3.3:
    optional: true

  get-tsconfig@4.13.0:
    dependencies:
      resolve-pkg-maps: 1.0.0

  giget@2.0.0:
    dependencies:
      citty: 0.1.6
      consola: 3.4.2
      defu: 6.1.4
      node-fetch-native: 1.6.7
      nypm: 0.6.2
      pathe: 2.0.3

  help-me@5.0.0: {}

  ipaddr.js@2.3.0: {}

  iso-datestring-validator@2.2.2: {}

  jiti@2.6.1: {}

  jose@5.10.0: {}

  joycon@3.1.1: {}

  lru-cache@10.4.3: {}

  minimist@1.2.8: {}

  multiformats@9.9.0: {}

  node-fetch-native@1.6.7: {}

  nypm@0.6.2:
    dependencies:
      citty: 0.1.6
      consola: 3.4.2
      pathe: 2.0.3
      pkg-types: 2.3.0
      tinyexec: 1.0.2

  ohash@2.0.11: {}

  on-exit-leak-free@2.1.2: {}

  once@1.4.0:
    dependencies:
      wrappy: 1.0.2

  openai@6.15.0(ws@8.18.3)(zod@3.25.76):
    optionalDependencies:
      ws: 8.18.3
      zod: 3.25.76

  p-limit@7.2.0:
    dependencies:
      yocto-queue: 1.2.2

  p-queue@9.0.1:
    dependencies:
      eventemitter3: 5.0.1
      p-timeout: 7.0.1

  p-timeout@7.0.1: {}

  partysocket@1.1.9:
    dependencies:
      event-target-polyfill: 0.0.4

  pathe@2.0.3: {}

  perfect-debounce@1.0.0: {}

  pino-abstract-transport@2.0.0:
    dependencies:
      split2: 4.2.0

  pino-abstract-transport@3.0.0:
    dependencies:
      split2: 4.2.0

  pino-pretty@13.1.3:
    dependencies:
      colorette: 2.0.20
      dateformat: 4.6.3
      fast-copy: 4.0.2
      fast-safe-stringify: 2.1.1
      help-me: 5.0.0
      joycon: 3.1.1
      minimist: 1.2.8
      on-exit-leak-free: 2.1.2
      pino-abstract-transport: 3.0.0
      pump: 3.0.3
      secure-json-parse: 4.1.0
      sonic-boom: 4.2.0
      strip-json-comments: 5.0.3

  pino-std-serializers@7.0.0: {}

  pino@10.1.0:
    dependencies:
      '@pinojs/redact': 0.4.0
      atomic-sleep: 1.0.0
      on-exit-leak-free: 2.1.2
      pino-abstract-transport: 2.0.0
      pino-std-serializers: 7.0.0
      process-warning: 5.0.0
      quick-format-unescaped: 4.0.4
      real-require: 0.2.0
      safe-stable-stringify: 2.5.0
      sonic-boom: 4.2.0
      thread-stream: 3.1.0

  pkg-types@2.3.0:
    dependencies:
      confbox: 0.2.2
      exsolve: 1.0.8
      pathe: 2.0.3

  prisma@6.19.1:
    dependencies:
      '@prisma/config': 6.19.1
      '@prisma/engines': 6.19.1
    transitivePeerDependencies:
      - magicast

  process-warning@5.0.0: {}

  pump@3.0.3:
    dependencies:
      end-of-stream: 1.4.5
      once: 1.4.0

  pure-rand@6.1.0: {}

  quick-format-unescaped@4.0.4: {}

  rc9@2.1.2:
    dependencies:
      defu: 6.1.4
      destr: 2.0.5

  readdirp@4.1.2: {}

  real-require@0.2.0: {}

  resolve-pkg-maps@1.0.0: {}

  safe-stable-stringify@2.5.0: {}

  secure-json-parse@4.1.0: {}

  sonic-boom@4.2.0:
    dependencies:
      atomic-sleep: 1.0.0

  split2@4.2.0: {}

  strip-json-comments@5.0.3: {}

  thread-stream@3.1.0:
    dependencies:
      real-require: 0.2.0

  tiny-emitter@2.1.0: {}

  tinyexec@1.0.2: {}

  tlds@1.261.0: {}

  tslib@2.8.1: {}

  tsx@4.21.0:
    dependencies:
      esbuild: 0.27.2
      get-tsconfig: 4.13.0
    optionalDependencies:
      fsevents: 2.3.3

  uint8arrays@3.0.0:
    dependencies:
      multiformats: 9.9.0

  undici-types@7.16.0: {}

  undici@6.22.0: {}

  unicode-segmenter@0.14.4: {}

  wrappy@1.0.2: {}

  ws@8.18.3: {}

  yocto-queue@1.2.2: {}

  zod@3.25.76: {}
